
Microsoft Visual Studio Solution File, Format Version 12.00
Project("{FAE04EC0-301F-11D3-BF4B-00C04F79EFBC}") = "trinibytes", "trinibytes.csproj", "{693BFADD-915E-4FA1-9E98-706EBF3E8EE6}"
EndProject
Global
	GlobalSection(SolutionConfigurationPlatforms) = preSolution
		Debug|Any CPU = Debug|Any CPU
		Release|Any CPU = Release|Any CPU
	EndGlobalSection
	GlobalSection(ProjectConfigurationPlatforms) = postSolution
		{693BFADD-915E-4FA1-9E98-706EBF3E8EE6}.Debug|Any CPU.ActiveCfg = Debug|Any CPU
		{693BFADD-915E-4FA1-9E98-706EBF3E8EE6}.Debug|Any CPU.Build.0 = Debug|Any CPU
		{693BFADD-915E-4FA1-9E98-706EBF3E8EE6}.Release|Any CPU.ActiveCfg = Release|Any CPU
		{693BFADD-915E-4FA1-9E98-706EBF3E8EE6}.Release|Any CPU.Build.0 = Release|Any CPU
	EndGlobalSection
EndGlobal
